
Microsoft Visual Studio Solution File, Format Version 12.00
Project("{FAE04EC0-301F-11D3-BF4B-00C04F79EFBC}") = "me.gabezk.Domain", "me.gabezk.Domain\me.gabezk.Domain.csproj", "{CA2D27A5-A910-4910-B337-81665B3EFED2}"
EndProject
Project("{FAE04EC0-301F-11D3-BF4B-00C04F79EFBC}") = "me.gabezk.Data", "me.gabezk.Data\me.gabezk.Data.csproj", "{E841B245-16AF-4675-8B28-499AA0C1D961}"
EndProject
Project("{FAE04EC0-301F-11D3-BF4B-00C04F79EFBC}") = "me.gabezk.Application", "me.gabezk.Application\me.gabezk.Application.csproj", "{7424DFDC-5DA4-4678-8C33-8832AD37EDDE}"
EndProject
Project("{FAE04EC0-301F-11D3-BF4B-00C04F79EFBC}") = "me.gabezk.IoC", "me.gabezk.IoC\me.gabezk.IoC.csproj", "{B747D1FB-A4D9-44B3-A083-ECCF8533A286}"
EndProject
Project("{FAE04EC0-301F-11D3-BF4B-00C04F79EFBC}") = "me.gabezk.Api", "me.gabezk.Api\me.gabezk.Api.csproj", "{8B334181-A90B-43AE-994C-F2735932FAFE}"
EndProject
Project("{FAE04EC0-301F-11D3-BF4B-00C04F79EFBC}") = "me.gabezk.Identity", "me.gabezk.Identity\me.gabezk.Identity.csproj", "{1D6AB1C2-1E0D-4FE7-8B27-EC2446F27010}"
EndProject
Global
	GlobalSection(SolutionConfigurationPlatforms) = preSolution
		Debug|Any CPU = Debug|Any CPU
		Release|Any CPU = Release|Any CPU
	EndGlobalSection
	GlobalSection(ProjectConfigurationPlatforms) = postSolution
		{CA2D27A5-A910-4910-B337-81665B3EFED2}.Debug|Any CPU.ActiveCfg = Debug|Any CPU
		{CA2D27A5-A910-4910-B337-81665B3EFED2}.Debug|Any CPU.Build.0 = Debug|Any CPU
		{CA2D27A5-A910-4910-B337-81665B3EFED2}.Release|Any CPU.ActiveCfg = Release|Any CPU
		{CA2D27A5-A910-4910-B337-81665B3EFED2}.Release|Any CPU.Build.0 = Release|Any CPU
		{E841B245-16AF-4675-8B28-499AA0C1D961}.Debug|Any CPU.ActiveCfg = Debug|Any CPU
		{E841B245-16AF-4675-8B28-499AA0C1D961}.Debug|Any CPU.Build.0 = Debug|Any CPU
		{E841B245-16AF-4675-8B28-499AA0C1D961}.Release|Any CPU.ActiveCfg = Release|Any CPU
		{E841B245-16AF-4675-8B28-499AA0C1D961}.Release|Any CPU.Build.0 = Release|Any CPU
		{7424DFDC-5DA4-4678-8C33-8832AD37EDDE}.Debug|Any CPU.ActiveCfg = Debug|Any CPU
		{7424DFDC-5DA4-4678-8C33-8832AD37EDDE}.Debug|Any CPU.Build.0 = Debug|Any CPU
		{7424DFDC-5DA4-4678-8C33-8832AD37EDDE}.Release|Any CPU.ActiveCfg = Release|Any CPU
		{7424DFDC-5DA4-4678-8C33-8832AD37EDDE}.Release|Any CPU.Build.0 = Release|Any CPU
		{B747D1FB-A4D9-44B3-A083-ECCF8533A286}.Debug|Any CPU.ActiveCfg = Debug|Any CPU
		{B747D1FB-A4D9-44B3-A083-ECCF8533A286}.Debug|Any CPU.Build.0 = Debug|Any CPU
		{B747D1FB-A4D9-44B3-A083-ECCF8533A286}.Release|Any CPU.ActiveCfg = Release|Any CPU
		{B747D1FB-A4D9-44B3-A083-ECCF8533A286}.Release|Any CPU.Build.0 = Release|Any CPU
		{8B334181-A90B-43AE-994C-F2735932FAFE}.Debug|Any CPU.ActiveCfg = Debug|Any CPU
		{8B334181-A90B-43AE-994C-F2735932FAFE}.Debug|Any CPU.Build.0 = Debug|Any CPU
		{8B334181-A90B-43AE-994C-F2735932FAFE}.Release|Any CPU.ActiveCfg = Release|Any CPU
		{8B334181-A90B-43AE-994C-F2735932FAFE}.Release|Any CPU.Build.0 = Release|Any CPU
		{1D6AB1C2-1E0D-4FE7-8B27-EC2446F27010}.Debug|Any CPU.ActiveCfg = Debug|Any CPU
		{1D6AB1C2-1E0D-4FE7-8B27-EC2446F27010}.Debug|Any CPU.Build.0 = Debug|Any CPU
		{1D6AB1C2-1E0D-4FE7-8B27-EC2446F27010}.Release|Any CPU.ActiveCfg = Release|Any CPU
		{1D6AB1C2-1E0D-4FE7-8B27-EC2446F27010}.Release|Any CPU.Build.0 = Release|Any CPU
	EndGlobalSection
EndGlobal
